
Microsoft Visual Studio Solution File, Format Version 12.00
# Visual Studio Version 16
VisualStudioVersion = 16.0.29306.81
MinimumVisualStudioVersion = 10.0.40219.1
Project("{FAE04EC0-301F-11D3-BF4B-00C04F79EFBC}") = "Calcolatrice", "Calcolatrice\Calcolatrice.csproj", "{34455270-E93E-4D80-8BF4-142E18EFB954}"
EndProject
Global
	GlobalSection(SolutionConfigurationPlatforms) = preSolution
		Debug|Any CPU = Debug|Any CPU
		Release|Any CPU = Release|Any CPU
	EndGlobalSection
	GlobalSection(ProjectConfigurationPlatforms) = postSolution
		{34455270-E93E-4D80-8BF4-142E18EFB954}.Debug|Any CPU.ActiveCfg = Debug|Any CPU
		{34455270-E93E-4D80-8BF4-142E18EFB954}.Debug|Any CPU.Build.0 = Debug|Any CPU
		{34455270-E93E-4D80-8BF4-142E18EFB954}.Release|Any CPU.ActiveCfg = Release|Any CPU
		{34455270-E93E-4D80-8BF4-142E18EFB954}.Release|Any CPU.Build.0 = Release|Any CPU
	EndGlobalSection
	GlobalSection(SolutionProperties) = preSolution
		HideSolutionNode = FALSE
	EndGlobalSection
	GlobalSection(ExtensibilityGlobals) = postSolution
		SolutionGuid = {E6D03374-7AED-4777-B73E-8294C24413AE}
	EndGlobalSection
EndGlobal
